
Microsoft Visual Studio Solution File, Format Version 12.00
# Visual Studio Version 17
VisualStudioVersion = 17.6.33815.320
MinimumVisualStudioVersion = 10.0.40219.1
Project("{9A19103F-16F7-4668-BE54-9A1E7A4F7556}") = "RequestFaker", "RequestFaker.csproj", "{72ADDD51-5FE9-458D-9927-AF6C77B8C8CF}"
EndProject
Global
	GlobalSection(SolutionConfigurationPlatforms) = preSolution
		Debug|Any CPU = Debug|Any CPU
		Release|Any CPU = Release|Any CPU
	EndGlobalSection
	GlobalSection(ProjectConfigurationPlatforms) = postSolution
		{72ADDD51-5FE9-458D-9927-AF6C77B8C8CF}.Debug|Any CPU.ActiveCfg = Debug|Any CPU
		{72ADDD51-5FE9-458D-9927-AF6C77B8C8CF}.Debug|Any CPU.Build.0 = Debug|Any CPU
		{72ADDD51-5FE9-458D-9927-AF6C77B8C8CF}.Release|Any CPU.ActiveCfg = Release|Any CPU
		{72ADDD51-5FE9-458D-9927-AF6C77B8C8CF}.Release|Any CPU.Build.0 = Release|Any CPU
	EndGlobalSection
	GlobalSection(SolutionProperties) = preSolution
		HideSolutionNode = FALSE
	EndGlobalSection
	GlobalSection(ExtensibilityGlobals) = postSolution
		SolutionGuid = {27231D1A-D2AE-4C10-8EAD-B7C1331884CE}
	EndGlobalSection
EndGlobal
